
Microsoft Visual Studio Solution File, Format Version 12.00
# Visual Studio Version 16
VisualStudioVersion = 16.0.29102.190
MinimumVisualStudioVersion = 10.0.40219.1
Project("{8BC9CEB8-8B4A-11D0-8D11-00A0C91BC942}") = "SDL_Learning", "SDL_Learning.vcxproj", "{9D996021-CCB5-494A-9D25-B2C5E4A7024C}"
EndProject
Global
	GlobalSection(SolutionConfigurationPlatforms) = preSolution
		Debug|x64 = Debug|x64
		Debug|x86 = Debug|x86
		Release|x64 = Release|x64
		Release|x86 = Release|x86
	EndGlobalSection
	GlobalSection(ProjectConfigurationPlatforms) = postSolution
		{9D996021-CCB5-494A-9D25-B2C5E4A7024C}.Debug|x64.ActiveCfg = Debug|x64
		{9D996021-CCB5-494A-9D25-B2C5E4A7024C}.Debug|x64.Build.0 = Debug|x64
		{9D996021-CCB5-494A-9D25-B2C5E4A7024C}.Debug|x86.ActiveCfg = Debug|Win32
		{9D996021-CCB5-494A-9D25-B2C5E4A7024C}.Debug|x86.Build.0 = Debug|Win32
		{9D996021-CCB5-494A-9D25-B2C5E4A7024C}.Release|x64.ActiveCfg = Release|x64
		{9D996021-CCB5-494A-9D25-B2C5E4A7024C}.Release|x64.Build.0 = Release|x64
		{9D996021-CCB5-494A-9D25-B2C5E4A7024C}.Release|x86.ActiveCfg = Release|Win32
		{9D996021-CCB5-494A-9D25-B2C5E4A7024C}.Release|x86.Build.0 = Release|Win32
	EndGlobalSection
	GlobalSection(SolutionProperties) = preSolution
		HideSolutionNode = FALSE
	EndGlobalSection
	GlobalSection(ExtensibilityGlobals) = postSolution
		SolutionGuid = {F3A2A220-404B-4D06-878C-DDE89545716B}
	EndGlobalSection
EndGlobal
